// !$*UTF8*$!
{
	archiveVersion = 1;
	classes = {
	};
	objectVersion = 56;
	objects = {

/* Begin PBXBuildFile section */
		E9D9C7B52BA1869700F10D1A /* NavView.swift in Sources */ = {isa = PBXBuildFile; fileRef = E9D9C7B42BA1869700F10D1A /* NavView.swift */; };
		E9D9C7B72BA18A0200F10D1A /* BottomMenuView.swift in Sources */ = {isa = PBXBuildFile; fileRef = E9D9C7B62BA18A0200F10D1A /* BottomMenuView.swift */; };
		E9D9C7B92BA18FA600F10D1A /* FriendView.swift in Sources */ = {isa = PBXBuildFile; fileRef = E9D9C7B82BA18FA600F10D1A /* FriendView.swift */; };
		E9D9C7BB2BA1909200F10D1A /* NewFizzView.swift in Sources */ = {isa = PBXBuildFile; fileRef = E9D9C7BA2BA1909200F10D1A /* NewFizzView.swift */; };
		E9D9C7BD2BA1944100F10D1A /* PastTastesView.swift in Sources */ = {isa = PBXBuildFile; fileRef = E9D9C7BC2BA1944100F10D1A /* PastTastesView.swift */; };
		E9E15FBC2BA0335B007E8DC2 /* TheTapApp.swift in Sources */ = {isa = PBXBuildFile; fileRef = E9E15FBB2BA0335B007E8DC2 /* TheTapApp.swift */; };
		E9E15FBE2BA0335B007E8DC2 /* SplashView.swift in Sources */ = {isa = PBXBuildFile; fileRef = E9E15FBD2BA0335B007E8DC2 /* SplashView.swift */; };
		E9E15FC02BA0335C007E8DC2 /* Assets.xcassets in Resources */ = {isa = PBXBuildFile; fileRef = E9E15FBF2BA0335C007E8DC2 /* Assets.xcassets */; };
		E9E15FC32BA0335C007E8DC2 /* Preview Assets.xcassets in Resources */ = {isa = PBXBuildFile; fileRef = E9E15FC22BA0335C007E8DC2 /* Preview Assets.xcassets */; };
		E9E15FCD2BA0335C007E8DC2 /* TheTapTests.swift in Sources */ = {isa = PBXBuildFile; fileRef = E9E15FCC2BA0335C007E8DC2 /* TheTapTests.swift */; };
		E9E15FD72BA0335C007E8DC2 /* TheTapUITests.swift in Sources */ = {isa = PBXBuildFile; fileRef = E9E15FD62BA0335C007E8DC2 /* TheTapUITests.swift */; };
		E9E15FD92BA0335C007E8DC2 /* TheTapUITestsLaunchTests.swift in Sources */ = {isa = PBXBuildFile; fileRef = E9E15FD82BA0335C007E8DC2 /* TheTapUITestsLaunchTests.swift */; };
		E9E15FE62BA03D4D007E8DC2 /* HomeView.swift in Sources */ = {isa = PBXBuildFile; fileRef = E9E15FE52BA03D4D007E8DC2 /* HomeView.swift */; };
/* End PBXBuildFile section */

/* Begin PBXContainerItemProxy section */
		E9E15FC92BA0335C007E8DC2 /* PBXContainerItemProxy */ = {
			isa = PBXContainerItemProxy;
			containerPortal = E9E15FB02BA0335B007E8DC2 /* Project object */;
			proxyType = 1;
			remoteGlobalIDString = E9E15FB72BA0335B007E8DC2;
			remoteInfo = TheTap;
		};
		E9E15FD32BA0335C007E8DC2 /* PBXContainerItemProxy */ = {
			isa = PBXContainerItemProxy;
			containerPortal = E9E15FB02BA0335B007E8DC2 /* Project object */;
			proxyType = 1;
			remoteGlobalIDString = E9E15FB72BA0335B007E8DC2;
			remoteInfo = TheTap;
		};
/* End PBXContainerItemProxy section */

/* Begin PBXFileReference section */
		E9D9C7B42BA1869700F10D1A /* NavView.swift */ = {isa = PBXFileReference; lastKnownFileType = sourcecode.swift; path = NavView.swift; sourceTree = "<group>"; };
		E9D9C7B62BA18A0200F10D1A /* BottomMenuView.swift */ = {isa = PBXFileReference; lastKnownFileType = sourcecode.swift; path = BottomMenuView.swift; sourceTree = "<group>"; };
		E9D9C7B82BA18FA600F10D1A /* FriendView.swift */ = {isa = PBXFileReference; lastKnownFileType = sourcecode.swift; path = FriendView.swift; sourceTree = "<group>"; };
		E9D9C7BA2BA1909200F10D1A /* NewFizzView.swift */ = {isa = PBXFileReference; lastKnownFileType = sourcecode.swift; path = NewFizzView.swift; sourceTree = "<group>"; };
		E9D9C7BC2BA1944100F10D1A /* PastTastesView.swift */ = {isa = PBXFileReference; lastKnownFileType = sourcecode.swift; path = PastTastesView.swift; sourceTree = "<group>"; };
		E9E15FB82BA0335B007E8DC2 /* TheTap.app */ = {isa = PBXFileReference; explicitFileType = wrapper.application; includeInIndex = 0; path = TheTap.app; sourceTree = BUILT_PRODUCTS_DIR; };
		E9E15FBB2BA0335B007E8DC2 /* TheTapApp.swift */ = {isa = PBXFileReference; lastKnownFileType = sourcecode.swift; path = TheTapApp.swift; sourceTree = "<group>"; };
		E9E15FBD2BA0335B007E8DC2 /* SplashView.swift */ = {isa = PBXFileReference; lastKnownFileType = sourcecode.swift; path = SplashView.swift; sourceTree = "<group>"; };
		E9E15FBF2BA0335C007E8DC2 /* Assets.xcassets */ = {isa = PBXFileReference; lastKnownFileType = folder.assetcatalog; path = Assets.xcassets; sourceTree = "<group>"; };
		E9E15FC22BA0335C007E8DC2 /* Preview Assets.xcassets */ = {isa = PBXFileReference; lastKnownFileType = folder.assetcatalog; path = "Preview Assets.xcassets"; sourceTree = "<group>"; };
		E9E15FC82BA0335C007E8DC2 /* TheTapTests.xctest */ = {isa = PBXFileReference; explicitFileType = wrapper.cfbundle; includeInIndex = 0; path = TheTapTests.xctest; sourceTree = BUILT_PRODUCTS_DIR; };
		E9E15FCC2BA0335C007E8DC2 /* TheTapTests.swift */ = {isa = PBXFileReference; lastKnownFileType = sourcecode.swift; path = TheTapTests.swift; sourceTree = "<group>"; };
		E9E15FD22BA0335C007E8DC2 /* TheTapUITests.xctest */ = {isa = PBXFileReference; explicitFileType = wrapper.cfbundle; includeInIndex = 0; path = TheTapUITests.xctest; sourceTree = BUILT_PRODUCTS_DIR; };
		E9E15FD62BA0335C007E8DC2 /* TheTapUITests.swift */ = {isa = PBXFileReference; lastKnownFileType = sourcecode.swift; path = TheTapUITests.swift; sourceTree = "<group>"; };
		E9E15FD82BA0335C007E8DC2 /* TheTapUITestsLaunchTests.swift */ = {isa = PBXFileReference; lastKnownFileType = sourcecode.swift; path = TheTapUITestsLaunchTests.swift; sourceTree = "<group>"; };
		E9E15FE52BA03D4D007E8DC2 /* HomeView.swift */ = {isa = PBXFileReference; lastKnownFileType = sourcecode.swift; path = HomeView.swift; sourceTree = "<group>"; };
/* End PBXFileReference section */

/* Begin PBXFrameworksBuildPhase section */
		E9E15FB52BA0335B007E8DC2 /* Frameworks */ = {
			isa = PBXFrameworksBuildPhase;
			buildActionMask = 2147483647;
			files = (
			);
			runOnlyForDeploymentPostprocessing = 0;
		};
		E9E15FC52BA0335C007E8DC2 /* Frameworks */ = {
			isa = PBXFrameworksBuildPhase;
			buildActionMask = 2147483647;
			files = (
			);
			runOnlyForDeploymentPostprocessing = 0;
		};
		E9E15FCF2BA0335C007E8DC2 /* Frameworks */ = {
			isa = PBXFrameworksBuildPhase;
			buildActionMask = 2147483647;
			files = (
			);
			runOnlyForDeploymentPostprocessing = 0;
		};
/* End PBXFrameworksBuildPhase section */

/* Begin PBXGroup section */
		E9E15FAF2BA0335B007E8DC2 = {
			isa = PBXGroup;
			children = (
				E9E15FBA2BA0335B007E8DC2 /* TheTap */,
				E9E15FCB2BA0335C007E8DC2 /* TheTapTests */,
				E9E15FD52BA0335C007E8DC2 /* TheTapUITests */,
				E9E15FB92BA0335B007E8DC2 /* Products */,
			);
			sourceTree = "<group>";
		};
		E9E15FB92BA0335B007E8DC2 /* Products */ = {
			isa = PBXGroup;
			children = (
				E9E15FB82BA0335B007E8DC2 /* TheTap.app */,
				E9E15FC82BA0335C007E8DC2 /* TheTapTests.xctest */,
				E9E15FD22BA0335C007E8DC2 /* TheTapUITests.xctest */,
			);
			name = Products;
			sourceTree = "<group>";
		};
		E9E15FBA2BA0335B007E8DC2 /* TheTap */ = {
			isa = PBXGroup;
			children = (
				E9E15FBB2BA0335B007E8DC2 /* TheTapApp.swift */,
				E9E15FBD2BA0335B007E8DC2 /* SplashView.swift */,
				E9E15FBF2BA0335C007E8DC2 /* Assets.xcassets */,
				E9E15FC12BA0335C007E8DC2 /* Preview Content */,
				E9E15FE52BA03D4D007E8DC2 /* HomeView.swift */,
				E9D9C7B42BA1869700F10D1A /* NavView.swift */,
				E9D9C7B62BA18A0200F10D1A /* BottomMenuView.swift */,
				E9D9C7B82BA18FA600F10D1A /* FriendView.swift */,
				E9D9C7BA2BA1909200F10D1A /* NewFizzView.swift */,
				E9D9C7BC2BA1944100F10D1A /* PastTastesView.swift */,
			);
			path = TheTap;
			sourceTree = "<group>";
		};
		E9E15FC12BA0335C007E8DC2 /* Preview Content */ = {
			isa = PBXGroup;
			children = (
				E9E15FC22BA0335C007E8DC2 /* Preview Assets.xcassets */,
			);
			path = "Preview Content";
			sourceTree = "<group>";
		};
		E9E15FCB2BA0335C007E8DC2 /* TheTapTests */ = {
			isa = PBXGroup;
			children = (
				E9E15FCC2BA0335C007E8DC2 /* TheTapTests.swift */,
			);
			path = TheTapTests;
			sourceTree = "<group>";
		};
		E9E15FD52BA0335C007E8DC2 /* TheTapUITests */ = {
			isa = PBXGroup;
			children = (
				E9E15FD62BA0335C007E8DC2 /* TheTapUITests.swift */,
				E9E15FD82BA0335C007E8DC2 /* TheTapUITestsLaunchTests.swift */,
			);
			path = TheTapUITests;
			sourceTree = "<group>";
		};
/* End PBXGroup section */

/* Begin PBXNativeTarget section */
		E9E15FB72BA0335B007E8DC2 /* TheTap */ = {
			isa = PBXNativeTarget;
			buildConfigurationList = E9E15FDC2BA0335C007E8DC2 /* Build configuration list for PBXNativeTarget "TheTap" */;
			buildPhases = (
				E9E15FB42BA0335B007E8DC2 /* Sources */,
				E9E15FB52BA0335B007E8DC2 /* Frameworks */,
				E9E15FB62BA0335B007E8DC2 /* Resources */,
			);
			buildRules = (
			);
			dependencies = (
			);
			name = TheTap;
			productName = TheTap;
			productReference = E9E15FB82BA0335B007E8DC2 /* TheTap.app */;
			productType = "com.apple.product-type.application";
		};
		E9E15FC72BA0335C007E8DC2 /* TheTapTests */ = {
			isa = PBXNativeTarget;
			buildConfigurationList = E9E15FDF2BA0335C007E8DC2 /* Build configuration list for PBXNativeTarget "TheTapTests" */;
			buildPhases = (
				E9E15FC42BA0335C007E8DC2 /* Sources */,
				E9E15FC52BA0335C007E8DC2 /* Frameworks */,
				E9E15FC62BA0335C007E8DC2 /* Resources */,
			);
			buildRules = (
			);
			dependencies = (
				E9E15FCA2BA0335C007E8DC2 /* PBXTargetDependency */,
			);
			name = TheTapTests;
			productName = TheTapTests;
			productReference = E9E15FC82BA0335C007E8DC2 /* TheTapTests.xctest */;
			productType = "com.apple.product-type.bundle.unit-test";
		};
		E9E15FD12BA0335C007E8DC2 /* TheTapUITests */ = {
			isa = PBXNativeTarget;
			buildConfigurationList = E9E15FE22BA0335C007E8DC2 /* Build configuration list for PBXNativeTarget "TheTapUITests" */;
			buildPhases = (
				E9E15FCE2BA0335C007E8DC2 /* Sources */,
				E9E15FCF2BA0335C007E8DC2 /* Frameworks */,
				E9E15FD02BA0335C007E8DC2 /* Resources */,
			);
			buildRules = (
			);
			dependencies = (
				E9E15FD42BA0335C007E8DC2 /* PBXTargetDependency */,
			);
			name = TheTapUITests;
			productName = TheTapUITests;
			productReference = E9E15FD22BA0335C007E8DC2 /* TheTapUITests.xctest */;
			productType = "com.apple.product-type.bundle.ui-testing";
		};
/* End PBXNativeTarget section */

/* Begin PBXProject section */
		E9E15FB02BA0335B007E8DC2 /* Project object */ = {
			isa = PBXProject;
			attributes = {
				BuildIndependentTargetsInParallel = 1;
				LastSwiftUpdateCheck = 1500;
				LastUpgradeCheck = 1500;
				TargetAttributes = {
					E9E15FB72BA0335B007E8DC2 = {
						CreatedOnToolsVersion = 15.0.1;
					};
					E9E15FC72BA0335C007E8DC2 = {
						CreatedOnToolsVersion = 15.0.1;
						TestTargetID = E9E15FB72BA0335B007E8DC2;
					};
					E9E15FD12BA0335C007E8DC2 = {
						CreatedOnToolsVersion = 15.0.1;
						TestTargetID = E9E15FB72BA0335B007E8DC2;
					};
				};
			};
			buildConfigurationList = E9E15FB32BA0335B007E8DC2 /* Build configuration list for PBXProject "TheTap" */;
			compatibilityVersion = "Xcode 14.0";
			developmentRegion = en;
			hasScannedForEncodings = 0;
			knownRegions = (
				en,
				Base,
			);
			mainGroup = E9E15FAF2BA0335B007E8DC2;
			productRefGroup = E9E15FB92BA0335B007E8DC2 /* Products */;
			projectDirPath = "";
			projectRoot = "";
			targets = (
				E9E15FB72BA0335B007E8DC2 /* TheTap */,
				E9E15FC72BA0335C007E8DC2 /* TheTapTests */,
				E9E15FD12BA0335C007E8DC2 /* TheTapUITests */,
			);
		};
/* End PBXProject section */

/* Begin PBXResourcesBuildPhase section */
		E9E15FB62BA0335B007E8DC2 /* Resources */ = {
			isa = PBXResourcesBuildPhase;
			buildActionMask = 2147483647;
			files = (
				E9E15FC32BA0335C007E8DC2 /* Preview Assets.xcassets in Resources */,
				E9E15FC02BA0335C007E8DC2 /* Assets.xcassets in Resources */,
			);
			runOnlyForDeploymentPostprocessing = 0;
		};
		E9E15FC62BA0335C007E8DC2 /* Resources */ = {
			isa = PBXResourcesBuildPhase;
			buildActionMask = 2147483647;
			files = (
			);
			runOnlyForDeploymentPostprocessing = 0;
		};
		E9E15FD02BA0335C007E8DC2 /* Resources */ = {
			isa = PBXResourcesBuildPhase;
			buildActionMask = 2147483647;
			files = (
			);
			runOnlyForDeploymentPostprocessing = 0;
		};
/* End PBXResourcesBuildPhase section */

/* Begin PBXSourcesBuildPhase section */
		E9E15FB42BA0335B007E8DC2 /* Sources */ = {
			isa = PBXSourcesBuildPhase;
			buildActionMask = 2147483647;
			files = (
				E9D9C7B52BA1869700F10D1A /* NavView.swift in Sources */,
				E9E15FE62BA03D4D007E8DC2 /* HomeView.swift in Sources */,
				E9D9C7B72BA18A0200F10D1A /* BottomMenuView.swift in Sources */,
				E9E15FBE2BA0335B007E8DC2 /* SplashView.swift in Sources */,
				E9D9C7B92BA18FA600F10D1A /* FriendView.swift in Sources */,
				E9E15FBC2BA0335B007E8DC2 /* TheTapApp.swift in Sources */,
				E9D9C7BD2BA1944100F10D1A /* PastTastesView.swift in Sources */,
				E9D9C7BB2BA1909200F10D1A /* NewFizzView.swift in Sources */,
			);
			runOnlyForDeploymentPostprocessing = 0;
		};
		E9E15FC42BA0335C007E8DC2 /* Sources */ = {
			isa = PBXSourcesBuildPhase;
			buildActionMask = 2147483647;
			files = (
				E9E15FCD2BA0335C007E8DC2 /* TheTapTests.swift in Sources */,
			);
			runOnlyForDeploymentPostprocessing = 0;
		};
		E9E15FCE2BA0335C007E8DC2 /* Sources */ = {
			isa = PBXSourcesBuildPhase;
			buildActionMask = 2147483647;
			files = (
				E9E15FD92BA0335C007E8DC2 /* TheTapUITestsLaunchTests.swift in Sources */,
				E9E15FD72BA0335C007E8DC2 /* TheTapUITests.swift in Sources */,
			);
			runOnlyForDeploymentPostprocessing = 0;
		};
/* End PBXSourcesBuildPhase section */

/* Begin PBXTargetDependency section */
		E9E15FCA2BA0335C007E8DC2 /* PBXTargetDependency */ = {
			isa = PBXTargetDependency;
			target = E9E15FB72BA0335B007E8DC2 /* TheTap */;
			targetProxy = E9E15FC92BA0335C007E8DC2 /* PBXContainerItemProxy */;
		};
		E9E15FD42BA0335C007E8DC2 /* PBXTargetDependency */ = {
			isa = PBXTargetDependency;
			target = E9E15FB72BA0335B007E8DC2 /* TheTap */;
			targetProxy = E9E15FD32BA0335C007E8DC2 /* PBXContainerItemProxy */;
		};
/* End PBXTargetDependency section */

/* Begin XCBuildConfiguration section */
		E9E15FDA2BA0335C007E8DC2 /* Debug */ = {
			isa = XCBuildConfiguration;
			buildSettings = {
				ALWAYS_SEARCH_USER_PATHS = NO;
				ASSETCATALOG_COMPILER_GENERATE_SWIFT_ASSET_SYMBOL_EXTENSIONS = YES;
				CLANG_ANALYZER_NONNULL = YES;
				CLANG_ANALYZER_NUMBER_OBJECT_CONVERSION = YES_AGGRESSIVE;
				CLANG_CXX_LANGUAGE_STANDARD = "gnu++20";
				CLANG_ENABLE_MODULES = YES;
				CLANG_ENABLE_OBJC_ARC = YES;
				CLANG_ENABLE_OBJC_WEAK = YES;
				CLANG_WARN_BLOCK_CAPTURE_AUTORELEASING = YES;
				CLANG_WARN_BOOL_CONVERSION = YES;
				CLANG_WARN_COMMA = YES;
				CLANG_WARN_CONSTANT_CONVERSION = YES;
				CLANG_WARN_DEPRECATED_OBJC_IMPLEMENTATIONS = YES;
				CLANG_WARN_DIRECT_OBJC_ISA_USAGE = YES_ERROR;
				CLANG_WARN_DOCUMENTATION_COMMENTS = YES;
				CLANG_WARN_EMPTY_BODY = YES;
				CLANG_WARN_ENUM_CONVERSION = YES;
				CLANG_WARN_INFINITE_RECURSION = YES;
				CLANG_WARN_INT_CONVERSION = YES;
				CLANG_WARN_NON_LITERAL_NULL_CONVERSION = YES;
				CLANG_WARN_OBJC_IMPLICIT_RETAIN_SELF = YES;
				CLANG_WARN_OBJC_LITERAL_CONVERSION = YES;
				CLANG_WARN_OBJC_ROOT_CLASS = YES_ERROR;
				CLANG_WARN_QUOTED_INCLUDE_IN_FRAMEWORK_HEADER = YES;
				CLANG_WARN_RANGE_LOOP_ANALYSIS = YES;
				CLANG_WARN_STRICT_PROTOTYPES = YES;
				CLANG_WARN_SUSPICIOUS_MOVE = YES;
				CLANG_WARN_UNGUARDED_AVAILABILITY = YES_AGGRESSIVE;
				CLANG_WARN_UNREACHABLE_CODE = YES;
				CLANG_WARN__DUPLICATE_METHOD_MATCH = YES;
				COPY_PHASE_STRIP = NO;
				DEBUG_INFORMATION_FORMAT = dwarf;
				ENABLE_STRICT_OBJC_MSGSEND = YES;
				ENABLE_TESTABILITY = YES;
				ENABLE_USER_SCRIPT_SANDBOXING = YES;
				GCC_C_LANGUAGE_STANDARD = gnu17;
				GCC_DYNAMIC_NO_PIC = NO;
				GCC_NO_COMMON_BLOCKS = YES;
				GCC_OPTIMIZATION_LEVEL = 0;
				GCC_PREPROCESSOR_DEFINITIONS = (
					"DEBUG=1",
					"$(inherited)",
				);
				GCC_WARN_64_TO_32_BIT_CONVERSION = YES;
				GCC_WARN_ABOUT_RETURN_TYPE = YES_ERROR;
				GCC_WARN_UNDECLARED_SELECTOR = YES;
				GCC_WARN_UNINITIALIZED_AUTOS = YES_AGGRESSIVE;
				GCC_WARN_UNUSED_FUNCTION = YES;
				GCC_WARN_UNUSED_VARIABLE = YES;
				IPHONEOS_DEPLOYMENT_TARGET = 17.0;
				LOCALIZATION_PREFERS_STRING_CATALOGS = YES;
				MTL_ENABLE_DEBUG_INFO = INCLUDE_SOURCE;
				MTL_FAST_MATH = YES;
				ONLY_ACTIVE_ARCH = YES;
				SDKROOT = iphoneos;
				SWIFT_ACTIVE_COMPILATION_CONDITIONS = "DEBUG $(inherited)";
				SWIFT_OPTIMIZATION_LEVEL = "-Onone";
			};
			name = Debug;
		};
		E9E15FDB2BA0335C007E8DC2 /* Release */ = {
			isa = XCBuildConfiguration;
			buildSettings = {
				ALWAYS_SEARCH_USER_PATHS = NO;
				ASSETCATALOG_COMPILER_GENERATE_SWIFT_ASSET_SYMBOL_EXTENSIONS = YES;
				CLANG_ANALYZER_NONNULL = YES;
				CLANG_ANALYZER_NUMBER_OBJECT_CONVERSION = YES_AGGRESSIVE;
				CLANG_CXX_LANGUAGE_STANDARD = "gnu++20";
				CLANG_ENABLE_MODULES = YES;
				CLANG_ENABLE_OBJC_ARC = YES;
				CLANG_ENABLE_OBJC_WEAK = YES;
				CLANG_WARN_BLOCK_CAPTURE_AUTORELEASING = YES;
				CLANG_WARN_BOOL_CONVERSION = YES;
				CLANG_WARN_COMMA = YES;
				CLANG_WARN_CONSTANT_CONVERSION = YES;
				CLANG_WARN_DEPRECATED_OBJC_IMPLEMENTATIONS = YES;
				CLANG_WARN_DIRECT_OBJC_ISA_USAGE = YES_ERROR;
				CLANG_WARN_DOCUMENTATION_COMMENTS = YES;
				CLANG_WARN_EMPTY_BODY = YES;
				CLANG_WARN_ENUM_CONVERSION = YES;
				CLANG_WARN_INFINITE_RECURSION = YES;
				CLANG_WARN_INT_CONVERSION = YES;
				CLANG_WARN_NON_LITERAL_NULL_CONVERSION = YES;
				CLANG_WARN_OBJC_IMPLICIT_RETAIN_SELF = YES;
				CLANG_WARN_OBJC_LITERAL_CONVERSION = YES;
				CLANG_WARN_OBJC_ROOT_CLASS = YES_ERROR;
				CLANG_WARN_QUOTED_INCLUDE_IN_FRAMEWORK_HEADER = YES;
				CLANG_WARN_RANGE_LOOP_ANALYSIS = YES;
				CLANG_WARN_STRICT_PROTOTYPES = YES;
				CLANG_WARN_SUSPICIOUS_MOVE = YES;
				CLANG_WARN_UNGUARDED_AVAILABILITY = YES_AGGRESSIVE;
				CLANG_WARN_UNREACHABLE_CODE = YES;
				CLANG_WARN__DUPLICATE_METHOD_MATCH = YES;
				COPY_PHASE_STRIP = NO;
				DEBUG_INFORMATION_FORMAT = "dwarf-with-dsym";
				ENABLE_NS_ASSERTIONS = NO;
				ENABLE_STRICT_OBJC_MSGSEND = YES;
				ENABLE_USER_SCRIPT_SANDBOXING = YES;
				GCC_C_LANGUAGE_STANDARD = gnu17;
				GCC_NO_COMMON_BLOCKS = YES;
				GCC_WARN_64_TO_32_BIT_CONVERSION = YES;
				GCC_WARN_ABOUT_RETURN_TYPE = YES_ERROR;
				GCC_WARN_UNDECLARED_SELECTOR = YES;
				GCC_WARN_UNINITIALIZED_AUTOS = YES_AGGRESSIVE;
				GCC_WARN_UNUSED_FUNCTION = YES;
				GCC_WARN_UNUSED_VARIABLE = YES;
				IPHONEOS_DEPLOYMENT_TARGET = 17.0;
				LOCALIZATION_PREFERS_STRING_CATALOGS = YES;
				MTL_ENABLE_DEBUG_INFO = NO;
				MTL_FAST_MATH = YES;
				SDKROOT = iphoneos;
				SWIFT_COMPILATION_MODE = wholemodule;
				VALIDATE_PRODUCT = YES;
			};
			name = Release;
		};
		E9E15FDD2BA0335C007E8DC2 /* Debug */ = {
			isa = XCBuildConfiguration;
			buildSettings = {
				ASSETCATALOG_COMPILER_APPICON_NAME = AppIcon;
				ASSETCATALOG_COMPILER_GLOBAL_ACCENT_COLOR_NAME = AccentColor;
				CODE_SIGN_STYLE = Automatic;
				CURRENT_PROJECT_VERSION = 1;
				DEVELOPMENT_ASSET_PATHS = "\"TheTap/Preview Content\"";
				DEVELOPMENT_TEAM = 622ZCXDBLB;
				ENABLE_PREVIEWS = YES;
				GENERATE_INFOPLIST_FILE = YES;
				INFOPLIST_KEY_UIApplicationSceneManifest_Generation = YES;
				INFOPLIST_KEY_UIApplicationSupportsIndirectInputEvents = YES;
				INFOPLIST_KEY_UILaunchScreen_Generation = YES;
				INFOPLIST_KEY_UISupportedInterfaceOrientations_iPad = "UIInterfaceOrientationPortrait UIInterfaceOrientationPortraitUpsideDown UIInterfaceOrientationLandscapeLeft UIInterfaceOrientationLandscapeRight";
				INFOPLIST_KEY_UISupportedInterfaceOrientations_iPhone = "UIInterfaceOrientationPortrait UIInterfaceOrientationLandscapeLeft UIInterfaceOrientationLandscapeRight";
				LD_RUNPATH_SEARCH_PATHS = (
					"$(inherited)",
					"@executable_path/Frameworks",
				);
				MARKETING_VERSION = 1.0;
				PRODUCT_BUNDLE_IDENTIFIER = GustavoGonzalez.TheTap;
				PRODUCT_NAME = "$(TARGET_NAME)";
				SWIFT_EMIT_LOC_STRINGS = YES;
				SWIFT_VERSION = 5.0;
				TARGETED_DEVICE_FAMILY = "1,2";
			};
			name = Debug;
		};
		E9E15FDE2BA0335C007E8DC2 /* Release */ = {
			isa = XCBuildConfiguration;
			buildSettings = {
				ASSETCATALOG_COMPILER_APPICON_NAME = AppIcon;
				ASSETCATALOG_COMPILER_GLOBAL_ACCENT_COLOR_NAME = AccentColor;
				CODE_SIGN_STYLE = Automatic;
				CURRENT_PROJECT_VERSION = 1;
				DEVELOPMENT_ASSET_PATHS = "\"TheTap/Preview Content\"";
				DEVELOPMENT_TEAM = 622ZCXDBLB;
				ENABLE_PREVIEWS = YES;
				GENERATE_INFOPLIST_FILE = YES;
				INFOPLIST_KEY_UIApplicationSceneManifest_Generation = YES;
				INFOPLIST_KEY_UIApplicationSupportsIndirectInputEvents = YES;
				INFOPLIST_KEY_UILaunchScreen_Generation = YES;
				INFOPLIST_KEY_UISupportedInterfaceOrientations_iPad = "UIInterfaceOrientationPortrait UIInterfaceOrientationPortraitUpsideDown UIInterfaceOrientationLandscapeLeft UIInterfaceOrientationLandscapeRight";
				INFOPLIST_KEY_UISupportedInterfaceOrientations_iPhone = "UIInterfaceOrientationPortrait UIInterfaceOrientationLandscapeLeft UIInterfaceOrientationLandscapeRight";
				LD_RUNPATH_SEARCH_PATHS = (
					"$(inherited)",
					"@executable_path/Frameworks",
				);
				MARKETING_VERSION = 1.0;
				PRODUCT_BUNDLE_IDENTIFIER = GustavoGonzalez.TheTap;
				PRODUCT_NAME = "$(TARGET_NAME)";
				SWIFT_EMIT_LOC_STRINGS = YES;
				SWIFT_VERSION = 5.0;
				TARGETED_DEVICE_FAMILY = "1,2";
			};
			name = Release;
		};
		E9E15FE02BA0335C007E8DC2 /* Debug */ = {
			isa = XCBuildConfiguration;
			buildSettings = {
				ALWAYS_EMBED_SWIFT_STANDARD_LIBRARIES = YES;
				BUNDLE_LOADER = "$(TEST_HOST)";
				CODE_SIGN_STYLE = Automatic;
				CURRENT_PROJECT_VERSION = 1;
				DEVELOPMENT_TEAM = 622ZCXDBLB;
				GENERATE_INFOPLIST_FILE = YES;
				IPHONEOS_DEPLOYMENT_TARGET = 17.0;
				MARKETING_VERSION = 1.0;
				PRODUCT_BUNDLE_IDENTIFIER = GustavoGonzalez.TheTapTests;
				PRODUCT_NAME = "$(TARGET_NAME)";
				SWIFT_EMIT_LOC_STRINGS = NO;
				SWIFT_VERSION = 5.0;
				TARGETED_DEVICE_FAMILY = "1,2";
				TEST_HOST = "$(BUILT_PRODUCTS_DIR)/TheTap.app/$(BUNDLE_EXECUTABLE_FOLDER_PATH)/TheTap";
			};
			name = Debug;
		};
		E9E15FE12BA0335C007E8DC2 /* Release */ = {
			isa = XCBuildConfiguration;
			buildSettings = {
				ALWAYS_EMBED_SWIFT_STANDARD_LIBRARIES = YES;
				BUNDLE_LOADER = "$(TEST_HOST)";
				CODE_SIGN_STYLE = Automatic;
				CURRENT_PROJECT_VERSION = 1;
				DEVELOPMENT_TEAM = 622ZCXDBLB;
				GENERATE_INFOPLIST_FILE = YES;
				IPHONEOS_DEPLOYMENT_TARGET = 17.0;
				MARKETING_VERSION = 1.0;
				PRODUCT_BUNDLE_IDENTIFIER = GustavoGonzalez.TheTapTests;
				PRODUCT_NAME = "$(TARGET_NAME)";
				SWIFT_EMIT_LOC_STRINGS = NO;
				SWIFT_VERSION = 5.0;
				TARGETED_DEVICE_FAMILY = "1,2";
				TEST_HOST = "$(BUILT_PRODUCTS_DIR)/TheTap.app/$(BUNDLE_EXECUTABLE_FOLDER_PATH)/TheTap";
			};
			name = Release;
		};
		E9E15FE32BA0335C007E8DC2 /* Debug */ = {
			isa = XCBuildConfiguration;
			buildSettings = {
				ALWAYS_EMBED_SWIFT_STANDARD_LIBRARIES = YES;
				CODE_SIGN_STYLE = Automatic;
				CURRENT_PROJECT_VERSION = 1;
				DEVELOPMENT_TEAM = 622ZCXDBLB;
				GENERATE_INFOPLIST_FILE = YES;
				MARKETING_VERSION = 1.0;
				PRODUCT_BUNDLE_IDENTIFIER = GustavoGonzalez.TheTapUITests;
				PRODUCT_NAME = "$(TARGET_NAME)";
				SWIFT_EMIT_LOC_STRINGS = NO;
				SWIFT_VERSION = 5.0;
				TARGETED_DEVICE_FAMILY = "1,2";
				TEST_TARGET_NAME = TheTap;
			};
			name = Debug;
		};
		E9E15FE42BA0335C007E8DC2 /* Release */ = {
			isa = XCBuildConfiguration;
			buildSettings = {
				ALWAYS_EMBED_SWIFT_STANDARD_LIBRARIES = YES;
				CODE_SIGN_STYLE = Automatic;
				CURRENT_PROJECT_VERSION = 1;
				DEVELOPMENT_TEAM = 622ZCXDBLB;
				GENERATE_INFOPLIST_FILE = YES;
				MARKETING_VERSION = 1.0;
				PRODUCT_BUNDLE_IDENTIFIER = GustavoGonzalez.TheTapUITests;
				PRODUCT_NAME = "$(TARGET_NAME)";
				SWIFT_EMIT_LOC_STRINGS = NO;
				SWIFT_VERSION = 5.0;
				TARGETED_DEVICE_FAMILY = "1,2";
				TEST_TARGET_NAME = TheTap;
			};
			name = Release;
		};
/* End XCBuildConfiguration section */

/* Begin XCConfigurationList section */
		E9E15FB32BA0335B007E8DC2 /* Build configuration list for PBXProject "TheTap" */ = {
			isa = XCConfigurationList;
			buildConfigurations = (
				E9E15FDA2BA0335C007E8DC2 /* Debug */,
				E9E15FDB2BA0335C007E8DC2 /* Release */,
			);
			defaultConfigurationIsVisible = 0;
			defaultConfigurationName = Release;
		};
		E9E15FDC2BA0335C007E8DC2 /* Build configuration list for PBXNativeTarget "TheTap" */ = {
			isa = XCConfigurationList;
			buildConfigurations = (
				E9E15FDD2BA0335C007E8DC2 /* Debug */,
				E9E15FDE2BA0335C007E8DC2 /* Release */,
			);
			defaultConfigurationIsVisible = 0;
			defaultConfigurationName = Release;
		};
		E9E15FDF2BA0335C007E8DC2 /* Build configuration list for PBXNativeTarget "TheTapTests" */ = {
			isa = XCConfigurationList;
			buildConfigurations = (
				E9E15FE02BA0335C007E8DC2 /* Debug */,
				E9E15FE12BA0335C007E8DC2 /* Release */,
			);
			defaultConfigurationIsVisible = 0;
			defaultConfigurationName = Release;
		};
		E9E15FE22BA0335C007E8DC2 /* Build configuration list for PBXNativeTarget "TheTapUITests" */ = {
			isa = XCConfigurationList;
			buildConfigurations = (
				E9E15FE32BA0335C007E8DC2 /* Debug */,
				E9E15FE42BA0335C007E8DC2 /* Release */,
			);
			defaultConfigurationIsVisible = 0;
			defaultConfigurationName = Release;
		};
/* End XCConfigurationList section */
	};
	rootObject = E9E15FB02BA0335B007E8DC2 /* Project object */;
}
